{
    "_readme": [
        "This file locks the dependencies of your project to a known state",
        "Read more about it at https://getcomposer.org/doc/01-basic-usage.md#composer-lock-the-lock-file",
        "This file is @generated automatically"
    ],
    "hash": "10d4bd8ae75b4774b092d20db644a263",
    "packages": [
        {
            "name": "erusev/parsedown",
            "version": "1.1.1",
            "source": {
                "type": "git",
                "url": "https://github.com/erusev/parsedown.git",
                "reference": "da5d75e97e1ed19e57bd54fa6cb595a6a0879a67"
            },
            "dist": {
                "type": "zip",
                "url": "https://api.github.com/repos/erusev/parsedown/zipball/da5d75e97e1ed19e57bd54fa6cb595a6a0879a67",
                "reference": "da5d75e97e1ed19e57bd54fa6cb595a6a0879a67",
                "shasum": ""
            },
            "type": "library",
            "autoload": {
                "psr-0": {
                    "Parsedown": ""
                }
            },
            "notification-url": "https://packagist.org/downloads/",
            "license": [
                "MIT"
            ],
            "authors": [
                {
                    "name": "Emanuil Rusev",
                    "email": "hello@erusev.com",
                    "homepage": "http://erusev.com"
                }
            ],
            "description": "Parser for Markdown.",
            "homepage": "http://parsedown.org",
            "keywords": [
                "markdown",
                "parser"
            ],
            "time": "2014-10-29 20:29:46"
        }
    ],
    "packages-dev": [],
    "aliases": [],
    "minimum-stability": "stable",
    "stability-flags": [],
    "prefer-stable": true,
    "prefer-lowest": false,
    "platform": [],
    "platform-dev": []
}
